
Microsoft Visual Studio Solution File, Format Version 12.00
# Visual Studio Version 17
VisualStudioVersion = 17.7.33711.374
MinimumVisualStudioVersion = 10.0.40219.1
Project("{9A19103F-16F7-4668-BE54-9A1E7A4F7556}") = "GrpcService", "GrpcService.csproj", "{00BCBEB9-A44D-40F3-8773-398D2D32C134}"
EndProject
Project("{FAE04EC0-301F-11D3-BF4B-00C04F79EFBC}") = "Client", "..\Client\Client.csproj", "{76F3DD94-4FFB-43C5-B5DA-2A5C812282BB}"
EndProject
Global
	GlobalSection(SolutionConfigurationPlatforms) = preSolution
		Debug|Any CPU = Debug|Any CPU
		Release|Any CPU = Release|Any CPU
	EndGlobalSection
	GlobalSection(ProjectConfigurationPlatforms) = postSolution
		{00BCBEB9-A44D-40F3-8773-398D2D32C134}.Debug|Any CPU.ActiveCfg = Debug|Any CPU
		{00BCBEB9-A44D-40F3-8773-398D2D32C134}.Debug|Any CPU.Build.0 = Debug|Any CPU
		{00BCBEB9-A44D-40F3-8773-398D2D32C134}.Release|Any CPU.ActiveCfg = Release|Any CPU
		{00BCBEB9-A44D-40F3-8773-398D2D32C134}.Release|Any CPU.Build.0 = Release|Any CPU
		{76F3DD94-4FFB-43C5-B5DA-2A5C812282BB}.Debug|Any CPU.ActiveCfg = Debug|Any CPU
		{76F3DD94-4FFB-43C5-B5DA-2A5C812282BB}.Debug|Any CPU.Build.0 = Debug|Any CPU
		{76F3DD94-4FFB-43C5-B5DA-2A5C812282BB}.Release|Any CPU.ActiveCfg = Release|Any CPU
		{76F3DD94-4FFB-43C5-B5DA-2A5C812282BB}.Release|Any CPU.Build.0 = Release|Any CPU
	EndGlobalSection
	GlobalSection(SolutionProperties) = preSolution
		HideSolutionNode = FALSE
	EndGlobalSection
	GlobalSection(ExtensibilityGlobals) = postSolution
		SolutionGuid = {61F62EE5-A3D3-4326-AC36-8AAB5392A564}
	EndGlobalSection
EndGlobal
